
Microsoft Visual Studio Solution File, Format Version 12.00
# Visual Studio 15
Project("{FAE04EC0-301F-11D3-BF4B-00C04F79EFBC}") = "StructureMobile.Android", "StructureMobile.Android\StructureMobile.Android.csproj", "{23E18CC9-E90C-4DC7-A552-7073254798AA}"
EndProject
Project("{FAE04EC0-301F-11D3-BF4B-00C04F79EFBC}") = "StructureMobile.iOS", "StructureMobile.iOS\StructureMobile.iOS.csproj", "{01587DB0-78A1-449D-A772-5071125D470D}"
EndProject
Project("{FAE04EC0-301F-11D3-BF4B-00C04F79EFBC}") = "StructureMobile", "StructureMobile\StructureMobile.csproj", "{47BFD2CB-716B-4E6B-A85D-7D296AC15E05}"
EndProject
Project("{2150E333-8FDC-42A3-9474-1A3956D46DE8}") = "Mobile", "Mobile", "{70A26792-8E5F-436F-A719-53D5441B50F8}"
EndProject
Global
	GlobalSection(SolutionConfigurationPlatforms) = preSolution
		Debug|Any CPU = Debug|Any CPU
		Release|Any CPU = Release|Any CPU
		Debug|iPhoneSimulator = Debug|iPhoneSimulator
		Release|iPhoneSimulator = Release|iPhoneSimulator
		Debug|iPhone = Debug|iPhone
		Release|iPhone = Release|iPhone
		Ad-Hoc|iPhone = Ad-Hoc|iPhone
		AppStore|iPhone = AppStore|iPhone
	EndGlobalSection
	GlobalSection(ProjectConfigurationPlatforms) = postSolution
		{23E18CC9-E90C-4DC7-A552-7073254798AA}.Debug|Any CPU.ActiveCfg = Debug|Any CPU
		{23E18CC9-E90C-4DC7-A552-7073254798AA}.Debug|Any CPU.Build.0 = Debug|Any CPU
		{23E18CC9-E90C-4DC7-A552-7073254798AA}.Release|Any CPU.ActiveCfg = Release|Any CPU
		{23E18CC9-E90C-4DC7-A552-7073254798AA}.Release|Any CPU.Build.0 = Release|Any CPU
		{23E18CC9-E90C-4DC7-A552-7073254798AA}.Debug|iPhoneSimulator.ActiveCfg = Debug|Any CPU
		{23E18CC9-E90C-4DC7-A552-7073254798AA}.Debug|iPhoneSimulator.Build.0 = Debug|Any CPU
		{23E18CC9-E90C-4DC7-A552-7073254798AA}.Release|iPhoneSimulator.ActiveCfg = Release|Any CPU
		{23E18CC9-E90C-4DC7-A552-7073254798AA}.Release|iPhoneSimulator.Build.0 = Release|Any CPU
		{23E18CC9-E90C-4DC7-A552-7073254798AA}.Debug|iPhone.ActiveCfg = Debug|Any CPU
		{23E18CC9-E90C-4DC7-A552-7073254798AA}.Debug|iPhone.Build.0 = Debug|Any CPU
		{23E18CC9-E90C-4DC7-A552-7073254798AA}.Release|iPhone.ActiveCfg = Release|Any CPU
		{23E18CC9-E90C-4DC7-A552-7073254798AA}.Release|iPhone.Build.0 = Release|Any CPU
		{23E18CC9-E90C-4DC7-A552-7073254798AA}.Ad-Hoc|iPhone.ActiveCfg = Debug|Any CPU
		{23E18CC9-E90C-4DC7-A552-7073254798AA}.Ad-Hoc|iPhone.Build.0 = Debug|Any CPU
		{23E18CC9-E90C-4DC7-A552-7073254798AA}.AppStore|iPhone.ActiveCfg = Debug|Any CPU
		{23E18CC9-E90C-4DC7-A552-7073254798AA}.AppStore|iPhone.Build.0 = Debug|Any CPU
		{01587DB0-78A1-449D-A772-5071125D470D}.Debug|Any CPU.ActiveCfg = Debug|iPhoneSimulator
		{01587DB0-78A1-449D-A772-5071125D470D}.Debug|Any CPU.Build.0 = Debug|iPhoneSimulator
		{01587DB0-78A1-449D-A772-5071125D470D}.Release|Any CPU.ActiveCfg = Release|iPhoneSimulator
		{01587DB0-78A1-449D-A772-5071125D470D}.Release|Any CPU.Build.0 = Release|iPhoneSimulator
		{01587DB0-78A1-449D-A772-5071125D470D}.Debug|iPhoneSimulator.ActiveCfg = Debug|iPhoneSimulator
		{01587DB0-78A1-449D-A772-5071125D470D}.Debug|iPhoneSimulator.Build.0 = Debug|iPhoneSimulator
		{01587DB0-78A1-449D-A772-5071125D470D}.Release|iPhoneSimulator.ActiveCfg = Release|iPhoneSimulator
		{01587DB0-78A1-449D-A772-5071125D470D}.Release|iPhoneSimulator.Build.0 = Release|iPhoneSimulator
		{01587DB0-78A1-449D-A772-5071125D470D}.Debug|iPhone.ActiveCfg = Debug|iPhone
		{01587DB0-78A1-449D-A772-5071125D470D}.Debug|iPhone.Build.0 = Debug|iPhone
		{01587DB0-78A1-449D-A772-5071125D470D}.Release|iPhone.ActiveCfg = Release|iPhone
		{01587DB0-78A1-449D-A772-5071125D470D}.Release|iPhone.Build.0 = Release|iPhone
		{01587DB0-78A1-449D-A772-5071125D470D}.Ad-Hoc|iPhone.ActiveCfg = Ad-Hoc|iPhone
		{01587DB0-78A1-449D-A772-5071125D470D}.Ad-Hoc|iPhone.Build.0 = Ad-Hoc|iPhone
		{01587DB0-78A1-449D-A772-5071125D470D}.AppStore|iPhone.ActiveCfg = AppStore|iPhone
		{01587DB0-78A1-449D-A772-5071125D470D}.AppStore|iPhone.Build.0 = AppStore|iPhone
		{47BFD2CB-716B-4E6B-A85D-7D296AC15E05}.Debug|Any CPU.ActiveCfg = Debug|Any CPU
		{47BFD2CB-716B-4E6B-A85D-7D296AC15E05}.Debug|Any CPU.Build.0 = Debug|Any CPU
		{47BFD2CB-716B-4E6B-A85D-7D296AC15E05}.Release|Any CPU.ActiveCfg = Release|Any CPU
		{47BFD2CB-716B-4E6B-A85D-7D296AC15E05}.Release|Any CPU.Build.0 = Release|Any CPU
		{47BFD2CB-716B-4E6B-A85D-7D296AC15E05}.Debug|iPhoneSimulator.ActiveCfg = Debug|Any CPU
		{47BFD2CB-716B-4E6B-A85D-7D296AC15E05}.Debug|iPhoneSimulator.Build.0 = Debug|Any CPU
		{47BFD2CB-716B-4E6B-A85D-7D296AC15E05}.Release|iPhoneSimulator.ActiveCfg = Release|Any CPU
		{47BFD2CB-716B-4E6B-A85D-7D296AC15E05}.Release|iPhoneSimulator.Build.0 = Release|Any CPU
		{47BFD2CB-716B-4E6B-A85D-7D296AC15E05}.Debug|iPhone.ActiveCfg = Debug|Any CPU
		{47BFD2CB-716B-4E6B-A85D-7D296AC15E05}.Debug|iPhone.Build.0 = Debug|Any CPU
		{47BFD2CB-716B-4E6B-A85D-7D296AC15E05}.Release|iPhone.ActiveCfg = Release|Any CPU
		{47BFD2CB-716B-4E6B-A85D-7D296AC15E05}.Release|iPhone.Build.0 = Release|Any CPU
		{47BFD2CB-716B-4E6B-A85D-7D296AC15E05}.Ad-Hoc|iPhone.ActiveCfg = Debug|Any CPU
		{47BFD2CB-716B-4E6B-A85D-7D296AC15E05}.Ad-Hoc|iPhone.Build.0 = Debug|Any CPU
		{47BFD2CB-716B-4E6B-A85D-7D296AC15E05}.AppStore|iPhone.ActiveCfg = Debug|Any CPU
		{47BFD2CB-716B-4E6B-A85D-7D296AC15E05}.AppStore|iPhone.Build.0 = Debug|Any CPU
	EndGlobalSection
	GlobalSection(NestedProjects) = preSolution
		{47BFD2CB-716B-4E6B-A85D-7D296AC15E05} = {70A26792-8E5F-436F-A719-53D5441B50F8}
		{23E18CC9-E90C-4DC7-A552-7073254798AA} = {70A26792-8E5F-436F-A719-53D5441B50F8}
		{01587DB0-78A1-449D-A772-5071125D470D} = {70A26792-8E5F-436F-A719-53D5441B50F8}
	EndGlobalSection
EndGlobal
